github.com/go-chi/chi/v5 v5.0.10 h1:tqth8rFMP7DWt3F8v4t8rU7qH6t2k8i4+f8s8JsH6GQ=
github.com/go-chi/chi/v5 v5.0.10/go.mod h1:lD4B+TVm0n9wO+GNnq8v5B5F3ASm1Q4G1VFDu9x+1T0=
github.com/go-chi/cors v1.2.1 h1:szv7o8k3lF8C6gXbQKXzR8F9q5oR8DEd9Sp8b+0vUds=
github.com/go-chi/cors v1.2.1/go.mod h1:KBt9mL0L60mN+6T6n3oY5pzxADx4I8G0VAB2Vj5nLWI=
github.com/lib/pq v1.10.9 h1:AlVN5x4eTk6qoO6Y4vXHw51n8QZFgJ9i4nl+guZBkoE=
github.com/lib/pq v1.10.9/go.mod h1:AlVN5x4eTk6qoO6Y4vXHw51n8QZFgJ9i4nl+guZBkoE=
golang.org/x/crypto v0.17.0 h1:r2X8XHa5dZfr2B6UohD4H3e3V3OKNlGFLn7oPCh2d6M=
golang.org/x/crypto v0.17.0/go.mod h1:pH/5vO5/B0H0dUKK2e6oGq6Rx3f9q6jdtV9V1d3xZ34=
golang.org/x/jwt/v4 v4.4.2 h1:5bW/y4MgmZ5qtaEIcH1nI5cW7q1lH3cI/9MooMMO/9A=
golang.org/x/jwt/v4 v4.4.2/go.mod h1:m21LjoU+eqJr34lmDMbreY2eSTRJ1cv77w39/MY0Ch0=
golang.org/x/sys v0.15.0 h1:h48LR2sEfLhUxoq+dXBg0iV/ebk0YsP6zrA+3+4tO88=
golang.org/x/sys v0.15.0/go.mod h1:h47OznPZOYMq5qkl6+0rkrW7cI2N9Z1N/Dc5X4Q2gJk=
