github.com/andybalholm/cascadia v1.3.2 h1:j2XUYJHekP++b4o3bAq5F3v8D8r7F2D2lV3vF9eJ5S4=
github.com/andybalholm/cascadia v1.3.2/go.mod h1:8gI8Oq9qq8I5Qb4fF4G/Hi8yLQm7pPdbm3M3XUMkL2A=
github.com/davecgh/go-spew v1.1.0/go.mod h1:J7Y8df2wNL+ia0EXU8Kdl+iRrtuk8ifna8OC/PWdH0e=
github.com/davecgh/go-spew v1.1.1 h1:Vqext3cK/5AhN+bpv9fNAuBkWWaQftO9ldLNrMh7tE0=
github.com/davecgh/go-spew v1.1.1/go.mod h1:J7Y8df2wNL+ia0EXU8Kdl+iRrtuk8ifna8OC/PWdH0e=
github.com/go-chi/chi/v5 v5.0.10 h1:tqth8rFMP7DWt3F8v4t8rU7qH6t2k8i4+f8s8JsH6GQ=
github.com/go-chi/chi/v5 v5.0.10/go.mod h1:lD4B+TVm0n9wO+GNnq8v5B5F3ASm1Q4G1VFDu9x+1T0=
github.com/go-chi/cors v1.2.1 h1:szv7o8k3lF8C6gXbQKXzR8F9q5oR8DEd9Sp8b+0vUds=
github.com/go-chi/cors v1.2.1/go.mod h1:KBt9mL0L60mN+6T6n3oY5pzxADx4I8G0VAB2Vj5nLWI=
github.com/golang-jwt/jwt v3.2.2+incompatible h1:IfVvv3mYrO45vWQrKhknp0pxrL5W9d1y9uYQ8H1uPSg=
github.com/golang-jwt/jwt v3.2.2+incompatible/go.mod h1:8HCqzgqL1uJ3K+Q8o9GD5lD6cuM3J6eO7y4iA6F1b7w=
github.com/golang/protobuf v1.5.2 h1:+Z5KGCizgyZElTXpBb6zVvjG2Gag7V61eNg5f2hE0QQ=
github.com/golang/protobuf v1.5.2/go.mod h1:ROPKBNFfQgOUMifHyP+KYbvpjbdoFNs+aK7DXlji0Tw=
github.com/jackc/chunkreader/v2 v2.0.1 h1:i+E1C4VUG2UFaM1C5JGXwGbu4vFfUPO0x+wI5p6c/G8=
github.com/jackc/chunkreader/v2 v2.0.1/go.mod h1:Y9C8r6Q7bCQi0wG7vJl0sH6rF0gX+3E5W8o8r7/1jB8=
github.com/jackc/pgconn v1.14.0 h1:Fm8+8CrxL7s8D7+D3gIvw5iWz5q8H+kC7h9Q7ctGnWs=
github.com/jackc/pgconn v1.14.0/go.mod h1:weYaNAjy5l3jQPr3Qv0pXJrBB1H7R7fK+6+Mg7+0Axc=
github.com/jackc/pgio v1.0.0 h1:g12B9UwVnzGhueNavwioyEEpAmqMe1E/BN9ES+8ovkE=
github.com/jackc/pgio v1.0.0/go.mod h1:GmsP7Jcb3+B9AyAiwv7Yyj9vK3n4gGmv5iK2bXHnTY8=
github.com/jackc/pgpassfile v1.0.0 h1:/6N3uwf5V8Ruaqc4vH2f5XiQ0T+3FZjU6dW+S0V6v9g=
github.com/jackc/pgpassfile v1.0.0/go.mod h1:SHlP21/yY9j2iJN2zyeR4vEGgvS0g5j1yJ0wRqRKdFQQ=
github.com/jackc/pgservicefile v0.0.0-20221227161230-091c0ba34f0a h1:8g/1m3oEi1OX2B8nXmkb6dO1dK+3sqn0jO2b8z0mcAo=
github.com/jackc/pgservicefile v0.0.0-20221227161230-091c0ba34f0a/go.mod h1:2VLynH8rH5G3cKCXg+1qIMc1o8nI5iY3b1k+E9CL7uQ=
github.com/jackc/pgproto3/v2 v2.3.2 h1:RCXqEwcPdT1xtMD7I0l0f0k9jSw6Z/uD2D1TAHU0ewA=
github.com/jackc/pgproto3/v2 v2.3.2/go.mod h1:7Q8tXlgKk+7b0L8X3fTN+3sU82qT1Z3iI+6W1B3i4OM=
github.com/jackc/pgx/v4 v4.18.1 h1:NsdD2TpL4j6h0z2IuJ2w3qJ5gqWfj5j6do5dA1dL0w4=
github.com/jackc/pgx/v4 v4.18.1/go.mod h1:MCbwN2cXDRWjSQn+N7R3e2pEU0d4U8M6m7dF9s+4kSY=
github.com/jackc/puddle/v2 v2.2.1 h1:7ek6t268pJq1pJ8QfK1WU/w1n9P0/0D3c2cIZvL4X5M=
github.com/jackc/puddle/v2 v2.2.1/go.mod h1:7XgYp7vC7A5htT+Ch2W7iY2Q3WqH4E5V0nUf3qKwG0s=
github.com/joho/godotenv v1.5.1 h1:gfGY9e4GpLn9KCGzBEXLfyBMDq6bX1t+gpRZGfABXlw=
github.com/joho/godotenv v1.5.1/go.mod h1:4f6+ek9Q8rzkd0s/BDXIRnZ/D5B9jsX2aP4Sf3bO1dc=
github.com/kr/pretty v0.3.1 h1:flRD4NNwYAUpkWdtS+RcV5jHzQE9lVnNPM8rUfrpMS8=
github.com/kr/pretty v0.3.1/go.mod h1:UrjCGxZ8xgGKZ2e/v9K7lDqpj9Rmq3pYvfV7919/Mz4=
github.com/kr/text v0.2.0 h1:45sCR5RtlFHMR4UwH9sdQ5TC8v0qDQCHnXt+kaKSTVE=
github.com/kr/text v0.2.0/go.mod h1:45sCR5RtlFHMR4UwH9sdQ5TC8v0qDQCHnXt+kaKSTVE=
github.com/lib/pq v1.10.9 h1:AlVN5x4eTk6qoO6Y4vXHw51n8QZFgJ9i4nl+guZBkoE=
github.com/lib/pq v1.10.9/go.mod h1:AlVN5x4eTk6qoO6Y4vXHw51n8QZFgJ9i4nl+guZBkoE=
github.com/pmezard/go-difflib v1.0.0 h1:4DBwDE0NGyQoBHbqr9xst7VEH3nvkBCqR5JypcrFA6A=
github.com/pmezard/go-difflib v1.0.0/go.mod h1:4DBwDE0NGyQoBHbqr9xst7VEH3nvkBCqR5JypcrFA6A=
github.com/stretchr/objx v0.5.0 h1:4G4v2dO3VZwixGIRoQ5Lfboy6nUhCyYzaqnIAPPhYs4=
github.com/stretchr/objx v0.5.0/go.mod h1:rzG/wE54mW4H1hX7XzPqWDbN3E6xqH2rWCN3Bxv2Kj0=
github.com/stretchr/testify v1.8.4 h1:+dqtui6mVQTd5EHGvcOu7U8H30V3QShBTyc0/20f9c4=
github.com/stretchr/testify v1.8.4/go.mod h1:5X4pAHD7cfWVv9s8iB8NSr5U9RR6+RpWqV2iF1bb98c=
golang.org/x/crypto v0.17.0 h1:r2X8XHa5dZfr2B6UohD4H3e3V3OKNlGFLn7oPCh2d6M=
golang.org/x/crypto v0.17.0/go.mod h1:pH/5vO5/B0H0dUKK2e6oGq6Rx3f9q6jdtV9V1d3xZ34=
golang.org/x/sync v0.5.0 h1:5VJ0FC5kC6G1gTqB1X0zKufZ+3Z6O6I5K3O+rgkKqzw=
golang.org/x/sync v0.5.0/go.mod h1:5KBvQ3gXxH4jIt3jgoqAiqYYmLY7gA8vVNP2r4xOyfM=
golang.org/x/sys v0.15.0 h1:h48LR2sEfLhUxoq+dXBg0iV/ebk0YsP6zrA+3+4tO88=
golang.org/x/sys v0.15.0/go.mod h1:h47OznPZOYMq5qkl6+0rkrW7cI2N9Z1N/Dc5X4Q2gJk=
golang.org/x/text v0.14.0 h1:QGzla3Z9cLG3W1D5gPtj0K1Z9s9z3KX/WzL1LFbI7mc=
golang.org/x/text v0.14.0/go.mod h1:uu5QM1Um0x6h1F3fHEu0eoXb9w9gRpnB3pC0f2M1mfc=
google.golang.org/protobuf v1.31.0 h1:HT4aUzdXvY8+7uR8p/59H0H8T0kX0+/y2sfxokYrrlA=
google.golang.org/protobuf v1.31.0/go.mod h1:HV8hXzLtv2I1w5tmyW9s8cVxk5eIg8C7nHv+4q1f5fI=
gopkg.in/check.v1 v0.0.0-20161208181325-20d25e280405 h1:yhCVgyC4o1eVCa2tZl7eS0r+SDo693bJlVtdW9VvG34=
gopkg.in/check.v1 v0.0.0-20161208181325-20d25e280405/go.mod h1:Co6myE0gHJ5AgOARt13dkyWxsVs0ne0L4HVkMa2kQKo=
gopkg.in/yaml.v3 v3.0.1 h1:FHSI5/fQf3Z+1Wyehb2X8Wj2gT3dWVTFzGxgT+Ucm+I=
gopkg.in/yaml.v3 v3.0.1/go.mod h1:K4uyk7BUDCOuwaoq9B3RBJKGwnb4umnXMGJj1Tv62jk=